
Microsoft Visual Studio Solution File, Format Version 12.00
# Visual Studio Version 16
VisualStudioVersion = 16.0.31424.327
MinimumVisualStudioVersion = 10.0.40219.1
Project("{888888A0-9F3D-457C-B088-3A5042F75D52}") = "patientcharges", "patientcharges\patientcharges.pyproj", "{388F8FF2-2504-4E64-9535-8698B4E2BFFC}"
EndProject
Global
	GlobalSection(SolutionConfigurationPlatforms) = preSolution
		Debug|Any CPU = Debug|Any CPU
		Release|Any CPU = Release|Any CPU
	EndGlobalSection
	GlobalSection(ProjectConfigurationPlatforms) = postSolution
		{388F8FF2-2504-4E64-9535-8698B4E2BFFC}.Debug|Any CPU.ActiveCfg = Debug|Any CPU
		{388F8FF2-2504-4E64-9535-8698B4E2BFFC}.Release|Any CPU.ActiveCfg = Release|Any CPU
	EndGlobalSection
	GlobalSection(SolutionProperties) = preSolution
		HideSolutionNode = FALSE
	EndGlobalSection
	GlobalSection(ExtensibilityGlobals) = postSolution
		SolutionGuid = {55CD3DA7-E572-4DDD-B5CB-9597F57CA9C9}
	EndGlobalSection
EndGlobal
